<?xml version="1.0" encoding="utf-8"?>
<Project ToolsVersion="4.0" xmlns="http://schemas.microsoft.com/developer/msbuild/2003">
  <ItemGroup>
    <ClCompile Include="Main.cpp" />
    <ClCompile Include="Node.cpp">
      <Filter>Implementation</Filter>
    </ClCompile>
    <ClCompile Include="NodeCompare.cpp">
      <Filter>Implementation</Filter>
    </ClCompile>
    <ClCompile Include="Huffman.cpp">
      <Filter>Implementation</Filter>
    </ClCompile>
  </ItemGroup>
  <ItemGroup>
    <ClInclude Include="Huffman.h">
      <Filter>Definition</Filter>
    </ClInclude>
    <ClInclude Include="Node.h">
      <Filter>Definition</Filter>
    </ClInclude>
    <ClInclude Include="NodeCompare.h">
      <Filter>Definition</Filter>
    </ClInclude>
  </ItemGroup>
  <ItemGroup>
    <Filter Include="Definition">
      <UniqueIdentifier>{173fb446-786f-424f-ab93-703d87ddbbc7}</UniqueIdentifier>
    </Filter>
    <Filter Include="Implementation">
      <UniqueIdentifier>{f3477b19-16d5-4f0f-8437-b19d63a0295a}</UniqueIdentifier>
    </Filter>
    <Filter Include="Resources">
      <UniqueIdentifier>{bececf31-91a1-40f1-b706-9a3d1c33f2eb}</UniqueIdentifier>
    </Filter>
  </ItemGroup>
  <ItemGroup>
    <Text Include="Text.txt">
      <Filter>Resources</Filter>
    </Text>
  </ItemGroup>
</Project>